
Microsoft Visual Studio Solution File, Format Version 12.00
# Visual Studio Version 17
VisualStudioVersion = 17.11.35303.130
MinimumVisualStudioVersion = 10.0.40219.1
Project("{FAE04EC0-301F-11D3-BF4B-00C04F79EFBC}") = "Task1", "InterviewAPP\Task1.csproj", "{1C55DE6D-572D-4D5E-A5A5-05E3257C092E}"
EndProject
Project("{FAE04EC0-301F-11D3-BF4B-00C04F79EFBC}") = "Task2", "Task2\Task2.csproj", "{0CA61699-8567-462C-8D71-EDDA65403C50}"
EndProject
Global
	GlobalSection(SolutionConfigurationPlatforms) = preSolution
		Debug|Any CPU = Debug|Any CPU
		Release|Any CPU = Release|Any CPU
	EndGlobalSection
	GlobalSection(ProjectConfigurationPlatforms) = postSolution
		{1C55DE6D-572D-4D5E-A5A5-05E3257C092E}.Debug|Any CPU.ActiveCfg = Debug|Any CPU
		{1C55DE6D-572D-4D5E-A5A5-05E3257C092E}.Debug|Any CPU.Build.0 = Debug|Any CPU
		{1C55DE6D-572D-4D5E-A5A5-05E3257C092E}.Release|Any CPU.ActiveCfg = Release|Any CPU
		{1C55DE6D-572D-4D5E-A5A5-05E3257C092E}.Release|Any CPU.Build.0 = Release|Any CPU
		{0CA61699-8567-462C-8D71-EDDA65403C50}.Debug|Any CPU.ActiveCfg = Debug|Any CPU
		{0CA61699-8567-462C-8D71-EDDA65403C50}.Debug|Any CPU.Build.0 = Debug|Any CPU
		{0CA61699-8567-462C-8D71-EDDA65403C50}.Release|Any CPU.ActiveCfg = Release|Any CPU
		{0CA61699-8567-462C-8D71-EDDA65403C50}.Release|Any CPU.Build.0 = Release|Any CPU
	EndGlobalSection
	GlobalSection(SolutionProperties) = preSolution
		HideSolutionNode = FALSE
	EndGlobalSection
	GlobalSection(ExtensibilityGlobals) = postSolution
		SolutionGuid = {D2F11819-6426-410B-B44F-9A7936C3A29B}
	EndGlobalSection
EndGlobal
